
Microsoft Visual Studio Solution File, Format Version 12.00
# Visual Studio Version 16
VisualStudioVersion = 16.0.33130.400
MinimumVisualStudioVersion = 10.0.40219.1
Project("{FAE04EC0-301F-11D3-BF4B-00C04F79EFBC}") = "prakt14", "prakt14.csproj", "{5B12CDB3-A5C8-4059-9F11-9F093FDF18B3}"
EndProject
Global
	GlobalSection(SolutionConfigurationPlatforms) = preSolution
		Debug|Any CPU = Debug|Any CPU
		Release|Any CPU = Release|Any CPU
	EndGlobalSection
	GlobalSection(ProjectConfigurationPlatforms) = postSolution
		{5B12CDB3-A5C8-4059-9F11-9F093FDF18B3}.Debug|Any CPU.ActiveCfg = Debug|Any CPU
		{5B12CDB3-A5C8-4059-9F11-9F093FDF18B3}.Debug|Any CPU.Build.0 = Debug|Any CPU
		{5B12CDB3-A5C8-4059-9F11-9F093FDF18B3}.Release|Any CPU.ActiveCfg = Release|Any CPU
		{5B12CDB3-A5C8-4059-9F11-9F093FDF18B3}.Release|Any CPU.Build.0 = Release|Any CPU
	EndGlobalSection
	GlobalSection(SolutionProperties) = preSolution
		HideSolutionNode = FALSE
	EndGlobalSection
	GlobalSection(ExtensibilityGlobals) = postSolution
		SolutionGuid = {0942F1A3-C541-4ADE-8670-DAAB59DD5E93}
	EndGlobalSection
EndGlobal
